
Microsoft Visual Studio Solution File, Format Version 12.00
# Visual Studio 15
VisualStudioVersion = 15.0.34526.175
MinimumVisualStudioVersion = 10.0.40219.1
Project("{FAE04EC0-301F-11D3-BF4B-00C04F79EFBC}") = "DailyReport", "DailyReport\DailyReport.csproj", "{709EA9C7-418E-4532-A6C5-1570D1EF4C73}"
EndProject
Global
	GlobalSection(SolutionConfigurationPlatforms) = preSolution
		Debug|Any CPU = Debug|Any CPU
		Release|Any CPU = Release|Any CPU
	EndGlobalSection
	GlobalSection(ProjectConfigurationPlatforms) = postSolution
		{709EA9C7-418E-4532-A6C5-1570D1EF4C73}.Debug|Any CPU.ActiveCfg = Debug|Any CPU
		{709EA9C7-418E-4532-A6C5-1570D1EF4C73}.Debug|Any CPU.Build.0 = Debug|Any CPU
		{709EA9C7-418E-4532-A6C5-1570D1EF4C73}.Release|Any CPU.ActiveCfg = Release|Any CPU
		{709EA9C7-418E-4532-A6C5-1570D1EF4C73}.Release|Any CPU.Build.0 = Release|Any CPU
	EndGlobalSection
	GlobalSection(SolutionProperties) = preSolution
		HideSolutionNode = FALSE
	EndGlobalSection
	GlobalSection(ExtensibilityGlobals) = postSolution
		SolutionGuid = {005A1ECA-122D-4363-9E18-7CA1D75AC1E9}
	EndGlobalSection
EndGlobal
